
Microsoft Visual Studio Solution File, Format Version 12.00
# Visual Studio Version 16
VisualStudioVersion = 16.0.31911.196
MinimumVisualStudioVersion = 10.0.40219.1
Project("{9A19103F-16F7-4668-BE54-9A1E7A4F7556}") = "MVCBasics", "MVCBasics\MVCBasics.csproj", "{8849923B-420D-4C5F-8B1C-7759FDB813FB}"
EndProject
Global
	GlobalSection(SolutionConfigurationPlatforms) = preSolution
		Debug|Any CPU = Debug|Any CPU
		Release|Any CPU = Release|Any CPU
	EndGlobalSection
	GlobalSection(ProjectConfigurationPlatforms) = postSolution
		{8849923B-420D-4C5F-8B1C-7759FDB813FB}.Debug|Any CPU.ActiveCfg = Debug|Any CPU
		{8849923B-420D-4C5F-8B1C-7759FDB813FB}.Debug|Any CPU.Build.0 = Debug|Any CPU
		{8849923B-420D-4C5F-8B1C-7759FDB813FB}.Release|Any CPU.ActiveCfg = Release|Any CPU
		{8849923B-420D-4C5F-8B1C-7759FDB813FB}.Release|Any CPU.Build.0 = Release|Any CPU
	EndGlobalSection
	GlobalSection(SolutionProperties) = preSolution
		HideSolutionNode = FALSE
	EndGlobalSection
	GlobalSection(ExtensibilityGlobals) = postSolution
		SolutionGuid = {10E44A68-8FCB-4124-B33D-EB963C2E0997}
	EndGlobalSection
EndGlobal
